
Microsoft Visual Studio Solution File, Format Version 12.00
# Visual Studio 15
VisualStudioVersion = 15.0.27004.2005
MinimumVisualStudioVersion = 10.0.40219.1
Project("{8BC9CEB8-8B4A-11D0-8D11-00A0C91BC942}") = "Homework-2", "Homework-2\Homework-2.vcxproj", "{7F979464-26BE-4251-917A-3B1A425285DC}"
EndProject
Global
	GlobalSection(SolutionConfigurationPlatforms) = preSolution
		Debug|x64 = Debug|x64
		Debug|x86 = Debug|x86
		Release|x64 = Release|x64
		Release|x86 = Release|x86
	EndGlobalSection
	GlobalSection(ProjectConfigurationPlatforms) = postSolution
		{7F979464-26BE-4251-917A-3B1A425285DC}.Debug|x64.ActiveCfg = Debug|x64
		{7F979464-26BE-4251-917A-3B1A425285DC}.Debug|x64.Build.0 = Debug|x64
		{7F979464-26BE-4251-917A-3B1A425285DC}.Debug|x86.ActiveCfg = Debug|Win32
		{7F979464-26BE-4251-917A-3B1A425285DC}.Debug|x86.Build.0 = Debug|Win32
		{7F979464-26BE-4251-917A-3B1A425285DC}.Release|x64.ActiveCfg = Release|x64
		{7F979464-26BE-4251-917A-3B1A425285DC}.Release|x64.Build.0 = Release|x64
		{7F979464-26BE-4251-917A-3B1A425285DC}.Release|x86.ActiveCfg = Release|Win32
		{7F979464-26BE-4251-917A-3B1A425285DC}.Release|x86.Build.0 = Release|Win32
	EndGlobalSection
	GlobalSection(SolutionProperties) = preSolution
		HideSolutionNode = FALSE
	EndGlobalSection
	GlobalSection(ExtensibilityGlobals) = postSolution
		SolutionGuid = {A1352063-471F-4ED3-BD62-EB84F6DA9A29}
	EndGlobalSection
EndGlobal
